
Microsoft Visual Studio Solution File, Format Version 12.00
# Visual Studio Version 17
VisualStudioVersion = 17.5.002.0
MinimumVisualStudioVersion = 10.0.40219.1
Project("{9A19103F-16F7-4668-BE54-9A1E7A4F7556}") = "practica3-Portillo87", "practica3-Portillo87.csproj", "{394AA9A8-1B42-4B23-9D84-158615209CDB}"
EndProject
Global
	GlobalSection(SolutionConfigurationPlatforms) = preSolution
		Debug|Any CPU = Debug|Any CPU
		Release|Any CPU = Release|Any CPU
	EndGlobalSection
	GlobalSection(ProjectConfigurationPlatforms) = postSolution
		{394AA9A8-1B42-4B23-9D84-158615209CDB}.Debug|Any CPU.ActiveCfg = Debug|Any CPU
		{394AA9A8-1B42-4B23-9D84-158615209CDB}.Debug|Any CPU.Build.0 = Debug|Any CPU
		{394AA9A8-1B42-4B23-9D84-158615209CDB}.Release|Any CPU.ActiveCfg = Release|Any CPU
		{394AA9A8-1B42-4B23-9D84-158615209CDB}.Release|Any CPU.Build.0 = Release|Any CPU
	EndGlobalSection
	GlobalSection(SolutionProperties) = preSolution
		HideSolutionNode = FALSE
	EndGlobalSection
	GlobalSection(ExtensibilityGlobals) = postSolution
		SolutionGuid = {33911D2D-9E34-4245-9A73-C17E941B289D}
	EndGlobalSection
EndGlobal
